github.com/ThallesP/rich-go v1.0.0 h1:SGArY/Pa8dx92gUkB16Me9mG5PZo0iXv/QS4f7qRHhA=
github.com/ThallesP/rich-go v1.0.0/go.mod h1:nGaW7CGfNZnhtiFxMpc4OZdqIexGXjUlBnlmpZmjEKA=
gopkg.in/natefinch/npipe.v2 v2.0.0-20160621034901-c1b8fa8bdcce h1:+JknDZhAj8YMt7GC73Ei8pv4MzjDUNPHgQWJdtMAaDU=
gopkg.in/natefinch/npipe.v2 v2.0.0-20160621034901-c1b8fa8bdcce/go.mod h1:5AcXVHNjg+BDxry382+8OKon8SEWiKktQR07RKPsv1c=
